#MicroXplorer Configuration settings - do not modify
Dma.Request0=SPI1_TX
Dma.Request1=SPI1_RX
Dma.RequestsNb=2
Dma.SPI1_RX.1.Direction=DMA_PERIPH_TO_MEMORY
Dma.SPI1_RX.1.Instance=DMA1_Channel2
Dma.SPI1_RX.1.MemDataAlignment=DMA_MDATAALIGN_HALFWORD
Dma.SPI1_RX.1.MemInc=DMA_MINC_ENABLE
Dma.SPI1_RX.1.Mode=DMA_CIRCULAR
Dma.SPI1_RX.1.PeriphDataAlignment=DMA_PDATAALIGN_HALFWORD
Dma.SPI1_RX.1.PeriphInc=DMA_PINC_DISABLE
Dma.SPI1_RX.1.Priority=DMA_PRIORITY_HIGH
Dma.SPI1_RX.1.RequestParameters=Instance,Direction,PeriphInc,MemInc,PeriphDataAlignment,MemDataAlignment,Mode,Priority
Dma.SPI1_TX.0.Direction=DMA_MEMORY_TO_PERIPH
Dma.SPI1_TX.0.Instance=DMA1_Channel3
Dma.SPI1_TX.0.MemDataAlignment=DMA_MDATAALIGN_HALFWORD
Dma.SPI1_TX.0.MemInc=DMA_MINC_ENABLE
Dma.SPI1_TX.0.Mode=DMA_CIRCULAR
Dma.SPI1_TX.0.PeriphDataAlignment=DMA_PDATAALIGN_HALFWORD
Dma.SPI1_TX.0.PeriphInc=DMA_PINC_DISABLE
Dma.SPI1_TX.0.Priority=DMA_PRIORITY_LOW
Dma.SPI1_TX.0.RequestParameters=Instance,Direction,PeriphInc,MemInc,PeriphDataAlignment,MemDataAlignment,Mode,Priority
File.Version=6
GPIO.groupedBy=Group By Peripherals
KeepUserPlacement=false
LPTIM1.ClockPrescaler=LPTIM_PRESCALER_DIV1
LPTIM1.IPParameters=ClockPrescaler
Mcu.CPN=STM32L010RBT6
Mcu.Family=STM32L0
Mcu.IP0=DMA
Mcu.IP1=LPTIM1
Mcu.IP2=NVIC
Mcu.IP3=RCC
Mcu.IP4=SPI1
Mcu.IP5=SYS
Mcu.IPNb=6
Mcu.Name=STM32L010RBTx
Mcu.Package=LQFP64
Mcu.Pin0=PC2
Mcu.Pin1=PA5
Mcu.Pin2=PA6
Mcu.Pin3=PA7
Mcu.Pin4=VP_LPTIM1_VS_LPTIM_counterModeInternalClock
Mcu.Pin5=VP_SYS_VS_Systick
Mcu.PinsNb=6
Mcu.ThirdPartyNb=0
Mcu.UserConstants=
Mcu.UserName=STM32L010RBTx
MxCube.Version=6.6.1
MxDb.Version=DB.6.0.60
NVIC.DMA1_Channel2_3_IRQn=true\:0\:0\:false\:false\:true\:false\:true\:true
NVIC.ForceEnableDMAVector=true
NVIC.HardFault_IRQn=true\:0\:0\:false\:false\:true\:false\:false\:false
NVIC.LPTIM1_IRQn=true\:0\:0\:false\:false\:true\:true\:true\:true
NVIC.NonMaskableInt_IRQn=true\:0\:0\:false\:false\:true\:false\:false\:false
NVIC.PendSV_IRQn=true\:0\:0\:false\:false\:true\:false\:false\:false
NVIC.SVC_IRQn=true\:0\:0\:false\:false\:true\:false\:false\:true
NVIC.SysTick_IRQn=true\:3\:0\:false\:false\:true\:false\:true\:false
PA5.Mode=Full_Duplex_Master
PA5.Signal=SPI1_SCK
PA6.Mode=Full_Duplex_Master
PA6.Signal=SPI1_MISO
PA7.Mode=Full_Duplex_Master
PA7.Signal=SPI1_MOSI
PC2.Locked=true
PC2.Signal=GPIO_Output
PCC.Checker=true
PCC.Line=STM32L0x0 Value Line
PCC.MCU=STM32L010RBTx
PCC.PartNumber=STM32L010RBTx
PCC.Seq0=2
PCC.Seq0.Step0.Average_Current=119.72 \u00B5A
PCC.Seq0.Step0.CPU_Frequency=524 kHz
PCC.Seq0.Step0.Category=In DS Table
PCC.Seq0.Step0.DMIPS=0.4978
PCC.Seq0.Step0.Duration=0.3 ms
PCC.Seq0.Step0.Frequency=524 kHz
PCC.Seq0.Step0.Memory=FLASH
PCC.Seq0.Step0.Mode=RUN
PCC.Seq0.Step0.Oscillator=MSI
PCC.Seq0.Step0.Peripherals=FLASH GPIOA LPTIM1
PCC.Seq0.Step0.TaMax=104.98
PCC.Seq0.Step0.User's_Consumption=0 mA
PCC.Seq0.Step0.Vcore=Range3-Low
PCC.Seq0.Step0.Vdd=3.0
PCC.Seq0.Step0.Voltage_Source=Battery
PCC.Seq0.Step1.Average_Current=430 nA
PCC.Seq0.Step1.CPU_Frequency=0 Hz
PCC.Seq0.Step1.Category=In DS Table
PCC.Seq0.Step1.DMIPS=0.0
PCC.Seq0.Step1.Duration=1.7 ms
PCC.Seq0.Step1.Frequency=0 Hz
PCC.Seq0.Step1.Memory=n/a
PCC.Seq0.Step1.Mode=STOP
PCC.Seq0.Step1.Oscillator=ALL CLOCKS OFF
PCC.Seq0.Step1.Peripherals=GPIOA*
PCC.Seq0.Step1.TaMax=105
PCC.Seq0.Step1.User's_Consumption=0 mA
PCC.Seq0.Step1.Vcore=NoRange
PCC.Seq0.Step1.Vdd=3.0
PCC.Seq0.Step1.Voltage_Source=Battery
PCC.Series=STM32L0
PCC.Temperature=25
PCC.Vdd=3.0
PinOutPanel.RotationAngle=0
ProjectManager.AskForMigrate=true
ProjectManager.BackupPrevious=false
ProjectManager.CompilerOptimize=6
ProjectManager.ComputerToolchain=false
ProjectManager.CoupleFile=false
ProjectManager.CustomerFirmwarePackage=
ProjectManager.DefaultFWLocation=true
ProjectManager.DeletePrevious=true
ProjectManager.DeviceId=STM32L010RBTx
ProjectManager.FirmwarePackage=STM32Cube FW_L0 V1.12.1
ProjectManager.FreePins=false
ProjectManager.HalAssertFull=false
ProjectManager.HeapSize=0x200
ProjectManager.KeepUserCode=true
ProjectManager.LastFirmware=true
ProjectManager.LibraryCopy=1
ProjectManager.MainLocation=Core/Src
ProjectManager.NoMain=false
ProjectManager.PreviousToolchain=
ProjectManager.ProjectBuild=false
ProjectManager.ProjectFileName=PYRO_L010.ioc
ProjectManager.ProjectName=PYRO_L010
ProjectManager.RegisterCallBack=
ProjectManager.StackSize=0x400
ProjectManager.TargetToolchain=STM32CubeIDE
ProjectManager.ToolChainLocation=
ProjectManager.UnderRoot=true
ProjectManager.functionlistsort=1-SystemClock_Config-RCC-false-HAL-false,false-2-MX_GPIO_Init-GPIO-false-LL-true,3-MX_DMA_Init-DMA-false-LL-true,4-MX_SPI1_Init-SPI1-false-LL-true,false-5-MX_LPTIM1_Init-LPTIM1-false-LL-true
RCC.ADCFreq_Value=16000000
RCC.AHBFreq_Value=1048000
RCC.APB1Freq_Value=1048000
RCC.APB1TimFreq_Value=1048000
RCC.APB2Freq_Value=1048000
RCC.APB2TimFreq_Value=1048000
RCC.FCLKCortexFreq_Value=1048000
RCC.FamilyName=M
RCC.HCLKFreq_Value=1048000
RCC.HSE_VALUE=8000000
RCC.HSI16_VALUE=16000000
RCC.HSI_VALUE=16000000
RCC.I2C1Freq_Value=1048000
RCC.IPParameters=ADCFreq_Value,AHBFreq_Value,APB1Freq_Value,APB1TimFreq_Value,APB2Freq_Value,APB2TimFreq_Value,FCLKCortexFreq_Value,FamilyName,HCLKFreq_Value,HSE_VALUE,HSI16_VALUE,HSI_VALUE,I2C1Freq_Value,LPTIMFreq_Value,LPUARTFreq_Value,LSE_VALUE,LSI_VALUE,LptimClockSelection,MCOPinFreq_Value,MSIClockRange,MSI_VALUE,PLLCLKFreq_Value,PLLDIV,PWRFreq_Value,RTCFreq_Value,RTCHSEDivFreq_Value,SYSCLKFreq_VALUE,TIMFreq_Value,TimerFreq_Value,USART2Freq_Value,VCOInputFreq_Value,VCOOutputFreq_Value,WatchDogFreq_Value
RCC.LPTIMFreq_Value=37000
RCC.LPUARTFreq_Value=1048000
RCC.LSE_VALUE=32768
RCC.LSI_VALUE=37000
RCC.LptimClockSelection=RCC_LPTIM1CLKSOURCE_LSI
RCC.MCOPinFreq_Value=1048000
RCC.MSIClockRange=RCC_MSIRANGE_4
RCC.MSI_VALUE=1048000
RCC.PLLCLKFreq_Value=16000000
RCC.PLLDIV=RCC_PLLDIV_3
RCC.PWRFreq_Value=1048000
RCC.RTCFreq_Value=37000
RCC.RTCHSEDivFreq_Value=4000000
RCC.SYSCLKFreq_VALUE=1048000
RCC.TIMFreq_Value=1048000
RCC.TimerFreq_Value=1048000
RCC.USART2Freq_Value=1048000
RCC.VCOInputFreq_Value=16000000
RCC.VCOOutputFreq_Value=48000000
RCC.WatchDogFreq_Value=37000
SPI1.BaudRatePrescaler=SPI_BAUDRATEPRESCALER_4
SPI1.CalculateBaudRate=262.0 KBits/s
SPI1.DataSize=SPI_DATASIZE_16BIT
SPI1.Direction=SPI_DIRECTION_2LINES
SPI1.IPParameters=VirtualType,Mode,Direction,CalculateBaudRate,DataSize,BaudRatePrescaler
SPI1.Mode=SPI_MODE_MASTER
SPI1.VirtualType=VM_MASTER
VP_LPTIM1_VS_LPTIM_counterModeInternalClock.Mode=Counts__internal_clock_event_00
VP_LPTIM1_VS_LPTIM_counterModeInternalClock.Signal=LPTIM1_VS_LPTIM_counterModeInternalClock
VP_SYS_VS_Systick.Mode=SysTick
VP_SYS_VS_Systick.Signal=SYS_VS_Systick
board=custom
isbadioc=false
